{
  "name": "case-transformer",
  "version": "1.0.1",
  "lockfileVersion": 2,
  "requires": true,
  "packages": {
    "": {
      "name": "case-transformer",
      "version": "1.0.1",
      "license": "ISC",
      "dependencies": {
        "case-transformer": "^1.0.1"
      }
    },
    "node_modules/case-transformer": {
      "version": "1.0.1",
      "resolved": "https://registry.npmjs.org/case-transformer/-/case-transformer-1.0.1.tgz",
      "integrity": "sha512-43nzw5C+zbxN7qpnu6g7NC3588/tzErbr41QGmLFHApPGzoYeiElfxFIYCMLnuN185c6YIF+k/7+XrnsJPC8dQ=="
    }
  },
  "dependencies": {
    "case-transformer": {
      "version": "1.0.1",
      "resolved": "https://registry.npmjs.org/case-transformer/-/case-transformer-1.0.1.tgz",
      "integrity": "sha512-43nzw5C+zbxN7qpnu6g7NC3588/tzErbr41QGmLFHApPGzoYeiElfxFIYCMLnuN185c6YIF+k/7+XrnsJPC8dQ=="
    }
  }
}
